// !$*UTF8*$!
{
	archiveVersion = 1;
	classes = {
	};
	objectVersion = 48;
	objects = {

/* Begin PBXBuildFile section */
		C8F6EE051F70438000E2C314 /* AppDelegate.swift in Sources */ = {isa = PBXBuildFile; fileRef = C8F6EE041F70438000E2C314 /* AppDelegate.swift */; };
		C8F6EE071F70438000E2C314 /* ViewController.swift in Sources */ = {isa = PBXBuildFile; fileRef = C8F6EE061F70438000E2C314 /* ViewController.swift */; };
		C8F6EE0A1F70438000E2C314 /* Main.storyboard in Resources */ = {isa = PBXBuildFile; fileRef = C8F6EE081F70438000E2C314 /* Main.storyboard */; };
		C8F6EE0C1F70438000E2C314 /* Assets.xcassets in Resources */ = {isa = PBXBuildFile; fileRef = C8F6EE0B1F70438000E2C314 /* Assets.xcassets */; };
		C8F6EE0F1F70438000E2C314 /* LaunchScreen.storyboard in Resources */ = {isa = PBXBuildFile; fileRef = C8F6EE0D1F70438000E2C314 /* LaunchScreen.storyboard */; };
/* End PBXBuildFile section */

/* Begin PBXFileReference section */
		C8F6EE011F70438000E2C314 /* Lone Walker.app */ = {isa = PBXFileReference; explicitFileType = wrapper.application; includeInIndex = 0; path = "Lone Walker.app"; sourceTree = BUILT_PRODUCTS_DIR; };
		C8F6EE041F70438000E2C314 /* AppDelegate.swift */ = {isa = PBXFileReference; lastKnownFileType = sourcecode.swift; path = AppDelegate.swift; sourceTree = "<group>"; };
		C8F6EE061F70438000E2C314 /* ViewController.swift */ = {isa = PBXFileReference; lastKnownFileType = sourcecode.swift; path = ViewController.swift; sourceTree = "<group>"; };
		C8F6EE091F70438000E2C314 /* Base */ = {isa = PBXFileReference; lastKnownFileType = file.storyboard; name = Base; path = Base.lproj/Main.storyboard; sourceTree = "<group>"; };
		C8F6EE0B1F70438000E2C314 /* Assets.xcassets */ = {isa = PBXFileReference; lastKnownFileType = folder.assetcatalog; path = Assets.xcassets; sourceTree = "<group>"; };
		C8F6EE0E1F70438000E2C314 /* Base */ = {isa = PBXFileReference; lastKnownFileType = file.storyboard; name = Base; path = Base.lproj/LaunchScreen.storyboard; sourceTree = "<group>"; };
		C8F6EE101F70438000E2C314 /* Info.plist */ = {isa = PBXFileReference; lastKnownFileType = text.plist.xml; path = Info.plist; sourceTree = "<group>"; };
/* End PBXFileReference section */

/* Begin PBXFrameworksBuildPhase section */
		C8F6EDFE1F70438000E2C314 /* Frameworks */ = {
			isa = PBXFrameworksBuildPhase;
			buildActionMask = 2147483647;
			files = (
			);
			runOnlyForDeploymentPostprocessing = 0;
		};
/* End PBXFrameworksBuildPhase section */

/* Begin PBXGroup section */
		C8F6EDF81F70438000E2C314 = {
			isa = PBXGroup;
			children = (
				C8F6EE031F70438000E2C314 /* Lone Walker */,
				C8F6EE021F70438000E2C314 /* Products */,
			);
			sourceTree = "<group>";
		};
		C8F6EE021F70438000E2C314 /* Products */ = {
			isa = PBXGroup;
			children = (
				C8F6EE011F70438000E2C314 /* Lone Walker.app */,
			);
			name = Products;
			sourceTree = "<group>";
		};
		C8F6EE031F70438000E2C314 /* Lone Walker */ = {
			isa = PBXGroup;
			children = (
				C8F6EE041F70438000E2C314 /* AppDelegate.swift */,
				C8F6EE061F70438000E2C314 /* ViewController.swift */,
				C8F6EE081F70438000E2C314 /* Main.storyboard */,
				C8F6EE0B1F70438000E2C314 /* Assets.xcassets */,
				C8F6EE0D1F70438000E2C314 /* LaunchScreen.storyboard */,
				C8F6EE101F70438000E2C314 /* Info.plist */,
			);
			path = "Lone Walker";
			sourceTree = "<group>";
		};
/* End PBXGroup section */

/* Begin PBXNativeTarget section */
		C8F6EE001F70438000E2C314 /* Lone Walker */ = {
			isa = PBXNativeTarget;
			buildConfigurationList = C8F6EE131F70438000E2C314 /* Build configuration list for PBXNativeTarget "Lone Walker" */;
			buildPhases = (
				C8F6EDFD1F70438000E2C314 /* Sources */,
				C8F6EDFE1F70438000E2C314 /* Frameworks */,
				C8F6EDFF1F70438000E2C314 /* Resources */,
			);
			buildRules = (
			);
			dependencies = (
			);
			name = "Lone Walker";
			productName = "Lone Walker";
			productReference = C8F6EE011F70438000E2C314 /* Lone Walker.app */;
			productType = "com.apple.product-type.application";
		};
/* End PBXNativeTarget section */

/* Begin PBXProject section */
		C8F6EDF91F70438000E2C314 /* Project object */ = {
			isa = PBXProject;
			attributes = {
				LastSwiftUpdateCheck = 0900;
				LastUpgradeCheck = 0900;
				ORGANIZATIONNAME = "Aditya Emani";
				TargetAttributes = {
					C8F6EE001F70438000E2C314 = {
						CreatedOnToolsVersion = 9.0;
						ProvisioningStyle = Automatic;
					};
				};
			};
			buildConfigurationList = C8F6EDFC1F70438000E2C314 /* Build configuration list for PBXProject "Lone Walker" */;
			compatibilityVersion = "Xcode 8.0";
			developmentRegion = en;
			hasScannedForEncodings = 0;
			knownRegions = (
				en,
				Base,
			);
			mainGroup = C8F6EDF81F70438000E2C314;
			productRefGroup = C8F6EE021F70438000E2C314 /* Products */;
			projectDirPath = "";
			projectRoot = "";
			targets = (
				C8F6EE001F70438000E2C314 /* Lone Walker */,
			);
		};
/* End PBXProject section */

/* Begin PBXResourcesBuildPhase section */
		C8F6EDFF1F70438000E2C314 /* Resources */ = {
			isa = PBXResourcesBuildPhase;
			buildActionMask = 2147483647;
			files = (
				C8F6EE0F1F70438000E2C314 /* LaunchScreen.storyboard in Resources */,
				C8F6EE0C1F70438000E2C314 /* Assets.xcassets in Resources */,
				C8F6EE0A1F70438000E2C314 /* Main.storyboard in Resources */,
			);
			runOnlyForDeploymentPostprocessing = 0;
		};
/* End PBXResourcesBuildPhase section */

/* Begin PBXSourcesBuildPhase section */
		C8F6EDFD1F70438000E2C314 /* Sources */ = {
			isa = PBXSourcesBuildPhase;
			buildActionMask = 2147483647;
			files = (
				C8F6EE071F70438000E2C314 /* ViewController.swift in Sources */,
				C8F6EE051F70438000E2C314 /* AppDelegate.swift in Sources */,
			);
			runOnlyForDeploymentPostprocessing = 0;
		};
/* End PBXSourcesBuildPhase section */

/* Begin PBXVariantGroup section */
		C8F6EE081F70438000E2C314 /* Main.storyboard */ = {
			isa = PBXVariantGroup;
			children = (
				C8F6EE091F70438000E2C314 /* Base */,
			);
			name = Main.storyboard;
			sourceTree = "<group>";
		};
		C8F6EE0D1F70438000E2C314 /* LaunchScreen.storyboard */ = {
			isa = PBXVariantGroup;
			children = (
				C8F6EE0E1F70438000E2C314 /* Base */,
			);
			name = LaunchScreen.storyboard;
			sourceTree = "<group>";
		};
/* End PBXVariantGroup section */

/* Begin XCBuildConfiguration section */
		C8F6EE111F70438000E2C314 /* Debug */ = {
			isa = XCBuildConfiguration;
			buildSettings = {
				ALWAYS_SEARCH_USER_PATHS = NO;
				CLANG_ANALYZER_NONNULL = YES;
				CLANG_ANALYZER_NUMBER_OBJECT_CONVERSION = YES_AGGRESSIVE;
				CLANG_CXX_LANGUAGE_STANDARD = "gnu++14";
				CLANG_CXX_LIBRARY = "libc++";
				CLANG_ENABLE_MODULES = YES;
				CLANG_ENABLE_OBJC_ARC = YES;
				CLANG_WARN_BLOCK_CAPTURE_AUTORELEASING = YES;
				CLANG_WARN_BOOL_CONVERSION = YES;
				CLANG_WARN_COMMA = YES;
				CLANG_WARN_CONSTANT_CONVERSION = YES;
				CLANG_WARN_DIRECT_OBJC_ISA_USAGE = YES_ERROR;
				CLANG_WARN_DOCUMENTATION_COMMENTS = YES;
				CLANG_WARN_EMPTY_BODY = YES;
				CLANG_WARN_ENUM_CONVERSION = YES;
				CLANG_WARN_INFINITE_RECURSION = YES;
				CLANG_WARN_INT_CONVERSION = YES;
				CLANG_WARN_NON_LITERAL_NULL_CONVERSION = YES;
				CLANG_WARN_OBJC_LITERAL_CONVERSION = YES;
				CLANG_WARN_OBJC_ROOT_CLASS = YES_ERROR;
				CLANG_WARN_RANGE_LOOP_ANALYSIS = YES;
				CLANG_WARN_STRICT_PROTOTYPES = YES;
				CLANG_WARN_SUSPICIOUS_MOVE = YES;
				CLANG_WARN_UNGUARDED_AVAILABILITY = YES_AGGRESSIVE;
				CLANG_WARN_UNREACHABLE_CODE = YES;
				CLANG_WARN__DUPLICATE_METHOD_MATCH = YES;
				CODE_SIGN_IDENTITY = "iPhone Developer";
				COPY_PHASE_STRIP = NO;
				DEBUG_INFORMATION_FORMAT = dwarf;
				ENABLE_STRICT_OBJC_MSGSEND = YES;
				ENABLE_TESTABILITY = YES;
				GCC_C_LANGUAGE_STANDARD = gnu11;
				GCC_DYNAMIC_NO_PIC = NO;
				GCC_NO_COMMON_BLOCKS = YES;
				GCC_OPTIMIZATION_LEVEL = 0;
				GCC_PREPROCESSOR_DEFINITIONS = (
					"DEBUG=1",
					"$(inherited)",
				);
				GCC_WARN_64_TO_32_BIT_CONVERSION = YES;
				GCC_WARN_ABOUT_RETURN_TYPE = YES_ERROR;
				GCC_WARN_UNDECLARED_SELECTOR = YES;
				GCC_WARN_UNINITIALIZED_AUTOS = YES_AGGRESSIVE;
				GCC_WARN_UNUSED_FUNCTION = YES;
				GCC_WARN_UNUSED_VARIABLE = YES;
				IPHONEOS_DEPLOYMENT_TARGET = 11.0;
				MTL_ENABLE_DEBUG_INFO = YES;
				ONLY_ACTIVE_ARCH = YES;
				SDKROOT = iphoneos;
				SWIFT_ACTIVE_COMPILATION_CONDITIONS = DEBUG;
				SWIFT_OPTIMIZATION_LEVEL = "-Onone";
			};
			name = Debug;
		};
		C8F6EE121F70438000E2C314 /* Release */ = {
			isa = XCBuildConfiguration;
			buildSettings = {
				ALWAYS_SEARCH_USER_PATHS = NO;
				CLANG_ANALYZER_NONNULL = YES;
				CLANG_ANALYZER_NUMBER_OBJECT_CONVERSION = YES_AGGRESSIVE;
				CLANG_CXX_LANGUAGE_STANDARD = "gnu++14";
				CLANG_CXX_LIBRARY = "libc++";
				CLANG_ENABLE_MODULES = YES;
				CLANG_ENABLE_OBJC_ARC = YES;
				CLANG_WARN_BLOCK_CAPTURE_AUTORELEASING = YES;
				CLANG_WARN_BOOL_CONVERSION = YES;
				CLANG_WARN_COMMA = YES;
				CLANG_WARN_CONSTANT_CONVERSION = YES;
				CLANG_WARN_DIRECT_OBJC_ISA_USAGE = YES_ERROR;
				CLANG_WARN_DOCUMENTATION_COMMENTS = YES;
				CLANG_WARN_EMPTY_BODY = YES;
				CLANG_WARN_ENUM_CONVERSION = YES;
				CLANG_WARN_INFINITE_RECURSION = YES;
				CLANG_WARN_INT_CONVERSION = YES;
				CLANG_WARN_NON_LITERAL_NULL_CONVERSION = YES;
				CLANG_WARN_OBJC_LITERAL_CONVERSION = YES;
				CLANG_WARN_OBJC_ROOT_CLASS = YES_ERROR;
				CLANG_WARN_RANGE_LOOP_ANALYSIS = YES;
				CLANG_WARN_STRICT_PROTOTYPES = YES;
				CLANG_WARN_SUSPICIOUS_MOVE = YES;
				CLANG_WARN_UNGUARDED_AVAILABILITY = YES_AGGRESSIVE;
				CLANG_WARN_UNREACHABLE_CODE = YES;
				CLANG_WARN__DUPLICATE_METHOD_MATCH = YES;
				CODE_SIGN_IDENTITY = "iPhone Developer";
				COPY_PHASE_STRIP = NO;
				DEBUG_INFORMATION_FORMAT = "dwarf-with-dsym";
				ENABLE_NS_ASSERTIONS = NO;
				ENABLE_STRICT_OBJC_MSGSEND = YES;
				GCC_C_LANGUAGE_STANDARD = gnu11;
				GCC_NO_COMMON_BLOCKS = YES;
				GCC_WARN_64_TO_32_BIT_CONVERSION = YES;
				GCC_WARN_ABOUT_RETURN_TYPE = YES_ERROR;
				GCC_WARN_UNDECLARED_SELECTOR = YES;
				GCC_WARN_UNINITIALIZED_AUTOS = YES_AGGRESSIVE;
				GCC_WARN_UNUSED_FUNCTION = YES;
				GCC_WARN_UNUSED_VARIABLE = YES;
				IPHONEOS_DEPLOYMENT_TARGET = 11.0;
				MTL_ENABLE_DEBUG_INFO = NO;
				SDKROOT = iphoneos;
				SWIFT_OPTIMIZATION_LEVEL = "-Owholemodule";
				VALIDATE_PRODUCT = YES;
			};
			name = Release;
		};
		C8F6EE141F70438000E2C314 /* Debug */ = {
			isa = XCBuildConfiguration;
			buildSettings = {
				ASSETCATALOG_COMPILER_APPICON_NAME = AppIcon;
				CODE_SIGN_STYLE = Automatic;
				DEVELOPMENT_TEAM = T3GQK2Q492;
				INFOPLIST_FILE = "Lone Walker/Info.plist";
				LD_RUNPATH_SEARCH_PATHS = "$(inherited) @executable_path/Frameworks";
				PRODUCT_BUNDLE_IDENTIFIER = "com.aditya.Lone-Walker";
				PRODUCT_NAME = "$(TARGET_NAME)";
				SWIFT_VERSION = 4.0;
				TARGETED_DEVICE_FAMILY = "1,2";
			};
			name = Debug;
		};
		C8F6EE151F70438000E2C314 /* Release */ = {
			isa = XCBuildConfiguration;
			buildSettings = {
				ASSETCATALOG_COMPILER_APPICON_NAME = AppIcon;
				CODE_SIGN_STYLE = Automatic;
				DEVELOPMENT_TEAM = T3GQK2Q492;
				INFOPLIST_FILE = "Lone Walker/Info.plist";
				LD_RUNPATH_SEARCH_PATHS = "$(inherited) @executable_path/Frameworks";
				PRODUCT_BUNDLE_IDENTIFIER = "com.aditya.Lone-Walker";
				PRODUCT_NAME = "$(TARGET_NAME)";
				SWIFT_VERSION = 4.0;
				TARGETED_DEVICE_FAMILY = "1,2";
			};
			name = Release;
		};
/* End XCBuildConfiguration section */

/* Begin XCConfigurationList section */
		C8F6EDFC1F70438000E2C314 /* Build configuration list for PBXProject "Lone Walker" */ = {
			isa = XCConfigurationList;
			buildConfigurations = (
				C8F6EE111F70438000E2C314 /* Debug */,
				C8F6EE121F70438000E2C314 /* Release */,
			);
			defaultConfigurationIsVisible = 0;
			defaultConfigurationName = Release;
		};
		C8F6EE131F70438000E2C314 /* Build configuration list for PBXNativeTarget "Lone Walker" */ = {
			isa = XCConfigurationList;
			buildConfigurations = (
				C8F6EE141F70438000E2C314 /* Debug */,
				C8F6EE151F70438000E2C314 /* Release */,
			);
			defaultConfigurationIsVisible = 0;
			defaultConfigurationName = Release;
		};
/* End XCConfigurationList section */
	};
	rootObject = C8F6EDF91F70438000E2C314 /* Project object */;
}
